
Microsoft Visual Studio Solution File, Format Version 12.00
# Visual Studio Version 16
VisualStudioVersion = 16.0.29123.88
MinimumVisualStudioVersion = 10.0.40219.1
Project("{FAE04EC0-301F-11D3-BF4B-00C04F79EFBC}") = "zipcode-ws", "zipcode-ws\zipcode-ws.csproj", "{04706E00-C1F4-4F5B-9EF5-1E281B586077}"
EndProject
Global
	GlobalSection(SolutionConfigurationPlatforms) = preSolution
		Debug|Any CPU = Debug|Any CPU
		Release|Any CPU = Release|Any CPU
	EndGlobalSection
	GlobalSection(ProjectConfigurationPlatforms) = postSolution
		{04706E00-C1F4-4F5B-9EF5-1E281B586077}.Debug|Any CPU.ActiveCfg = Debug|Any CPU
		{04706E00-C1F4-4F5B-9EF5-1E281B586077}.Debug|Any CPU.Build.0 = Debug|Any CPU
		{04706E00-C1F4-4F5B-9EF5-1E281B586077}.Release|Any CPU.ActiveCfg = Release|Any CPU
		{04706E00-C1F4-4F5B-9EF5-1E281B586077}.Release|Any CPU.Build.0 = Release|Any CPU
	EndGlobalSection
	GlobalSection(SolutionProperties) = preSolution
		HideSolutionNode = FALSE
	EndGlobalSection
	GlobalSection(ExtensibilityGlobals) = postSolution
		SolutionGuid = {A9364D18-AD98-4FA7-9663-59C88A5DBAB0}
	EndGlobalSection
EndGlobal
